<?xml version="1.0" encoding="utf-8"?>
<Project ToolsVersion="4.0" xmlns="http://schemas.microsoft.com/developer/msbuild/2003">
  <ItemGroup>
    <ClCompile Include="..\..\leetcode.cpp" />
    <ClCompile Include="..\..\tool.cpp" />
    <ClCompile Include="..\..\leetcode2.cpp" />
    <ClCompile Include="..\..\cpp.cpp" />
  </ItemGroup>
  <ItemGroup>
    <Text Include="..\..\note.txt" />
  </ItemGroup>
  <ItemGroup>
    <None Include="..\..\ds.doc" />
    <None Include="..\..\net.doc" />
    <None Include="..\..\os.doc" />
    <None Include="..\..\cpp.doc" />
  </ItemGroup>
</Project>